
Microsoft Visual Studio Solution File, Format Version 12.00
# Visual Studio 15
VisualStudioVersion = 15.0.26124.0
MinimumVisualStudioVersion = 15.0.26124.0
Project("{9A19103F-16F7-4668-BE54-9A1E7A4F7556}") = "MvcSample.web", "MvcSample.web\MvcSample.web.csproj", "{EF2AC7F8-E413-4204-AAC6-9B9C9A2122E0}"
EndProject
Project("{2150E333-8FDC-42A3-9474-1A3956D46DE8}") = "1UI", "1UI", "{A020A257-9C46-4AB0-831F-9E98BA7D2533}"
EndProject
Project("{FAE04EC0-301F-11D3-BF4B-00C04F79EFBC}") = "Admin", "Admin\Admin.csproj", "{0CD4113F-BF5A-4630-9060-08F27DA76164}"
EndProject
Project("{2150E333-8FDC-42A3-9474-1A3956D46DE8}") = "2Application", "2Application", "{0EA89EFC-3E65-476D-9F01-87FE977E6B8A}"
EndProject
Project("{2150E333-8FDC-42A3-9474-1A3956D46DE8}") = "3Repositonry", "3Repositonry", "{DEA7482A-6D47-40AE-AF4A-89FE3ACF66C6}"
EndProject
Project("{2150E333-8FDC-42A3-9474-1A3956D46DE8}") = "4Entity", "4Entity", "{F2B8CC0D-82AF-42D3-A756-788EA8646A47}"
EndProject
Project("{2150E333-8FDC-42A3-9474-1A3956D46DE8}") = "5Infrastructure", "5Infrastructure", "{599AA0C5-6651-4F09-8B5B-C10A99911B6B}"
EndProject
Project("{2150E333-8FDC-42A3-9474-1A3956D46DE8}") = "6Test", "6Test", "{11E2483E-9BF0-461A-87AD-3D33567428CF}"
EndProject
Project("{FAE04EC0-301F-11D3-BF4B-00C04F79EFBC}") = "IService", "IService\IService.csproj", "{F2CF2A68-5E1F-4BF3-B57B-BD73C09874F7}"
EndProject
Project("{FAE04EC0-301F-11D3-BF4B-00C04F79EFBC}") = "Service", "Service\Service.csproj", "{463AD118-88E2-47E3-A4A4-FF7827D9ED7D}"
EndProject
Project("{FAE04EC0-301F-11D3-BF4B-00C04F79EFBC}") = "IRepositonry", "IRepositonry\IRepositonry.csproj", "{F85FEF8D-0CC0-4CF6-8D17-02AD1278DF1A}"
EndProject
Project("{FAE04EC0-301F-11D3-BF4B-00C04F79EFBC}") = "Repositonry.SqlServer", "Repositonry.SqlServer\Repositonry.SqlServer.csproj", "{90437314-30B9-40E0-B9F1-3E7951E32F05}"
EndProject
Project("{FAE04EC0-301F-11D3-BF4B-00C04F79EFBC}") = "Models", "Models\Models.csproj", "{656BE704-0226-44CB-9EB7-E2AD3A826888}"
EndProject
Project("{FAE04EC0-301F-11D3-BF4B-00C04F79EFBC}") = "ViewModels", "ViewModels\ViewModels.csproj", "{3BA8FF77-2E34-4AC1-903C-099C4E6DD10C}"
EndProject
Project("{FAE04EC0-301F-11D3-BF4B-00C04F79EFBC}") = "Core", "Core\Core.csproj", "{00162ABD-6640-48A0-B4CF-A0DC85E3EB23}"
EndProject
Project("{FAE04EC0-301F-11D3-BF4B-00C04F79EFBC}") = "Test", "Test\Test.csproj", "{1F44F6C9-586D-4DFA-B92D-6974811AFFB2}"
EndProject
Global
	GlobalSection(SolutionConfigurationPlatforms) = preSolution
		Debug|Any CPU = Debug|Any CPU
		Debug|x64 = Debug|x64
		Debug|x86 = Debug|x86
		Release|Any CPU = Release|Any CPU
		Release|x64 = Release|x64
		Release|x86 = Release|x86
	EndGlobalSection
	GlobalSection(ProjectConfigurationPlatforms) = postSolution
		{EF2AC7F8-E413-4204-AAC6-9B9C9A2122E0}.Debug|Any CPU.ActiveCfg = Debug|Any CPU
		{EF2AC7F8-E413-4204-AAC6-9B9C9A2122E0}.Debug|Any CPU.Build.0 = Debug|Any CPU
		{EF2AC7F8-E413-4204-AAC6-9B9C9A2122E0}.Debug|x64.ActiveCfg = Debug|Any CPU
		{EF2AC7F8-E413-4204-AAC6-9B9C9A2122E0}.Debug|x64.Build.0 = Debug|Any CPU
		{EF2AC7F8-E413-4204-AAC6-9B9C9A2122E0}.Debug|x86.ActiveCfg = Debug|Any CPU
		{EF2AC7F8-E413-4204-AAC6-9B9C9A2122E0}.Debug|x86.Build.0 = Debug|Any CPU
		{EF2AC7F8-E413-4204-AAC6-9B9C9A2122E0}.Release|Any CPU.ActiveCfg = Release|Any CPU
		{EF2AC7F8-E413-4204-AAC6-9B9C9A2122E0}.Release|Any CPU.Build.0 = Release|Any CPU
		{EF2AC7F8-E413-4204-AAC6-9B9C9A2122E0}.Release|x64.ActiveCfg = Release|Any CPU
		{EF2AC7F8-E413-4204-AAC6-9B9C9A2122E0}.Release|x64.Build.0 = Release|Any CPU
		{EF2AC7F8-E413-4204-AAC6-9B9C9A2122E0}.Release|x86.ActiveCfg = Release|Any CPU
		{EF2AC7F8-E413-4204-AAC6-9B9C9A2122E0}.Release|x86.Build.0 = Release|Any CPU
		{0CD4113F-BF5A-4630-9060-08F27DA76164}.Debug|Any CPU.ActiveCfg = Debug|Any CPU
		{0CD4113F-BF5A-4630-9060-08F27DA76164}.Debug|Any CPU.Build.0 = Debug|Any CPU
		{0CD4113F-BF5A-4630-9060-08F27DA76164}.Debug|x64.ActiveCfg = Debug|Any CPU
		{0CD4113F-BF5A-4630-9060-08F27DA76164}.Debug|x64.Build.0 = Debug|Any CPU
		{0CD4113F-BF5A-4630-9060-08F27DA76164}.Debug|x86.ActiveCfg = Debug|Any CPU
		{0CD4113F-BF5A-4630-9060-08F27DA76164}.Debug|x86.Build.0 = Debug|Any CPU
		{0CD4113F-BF5A-4630-9060-08F27DA76164}.Release|Any CPU.ActiveCfg = Release|Any CPU
		{0CD4113F-BF5A-4630-9060-08F27DA76164}.Release|Any CPU.Build.0 = Release|Any CPU
		{0CD4113F-BF5A-4630-9060-08F27DA76164}.Release|x64.ActiveCfg = Release|Any CPU
		{0CD4113F-BF5A-4630-9060-08F27DA76164}.Release|x64.Build.0 = Release|Any CPU
		{0CD4113F-BF5A-4630-9060-08F27DA76164}.Release|x86.ActiveCfg = Release|Any CPU
		{0CD4113F-BF5A-4630-9060-08F27DA76164}.Release|x86.Build.0 = Release|Any CPU
		{F2CF2A68-5E1F-4BF3-B57B-BD73C09874F7}.Debug|Any CPU.ActiveCfg = Debug|Any CPU
		{F2CF2A68-5E1F-4BF3-B57B-BD73C09874F7}.Debug|Any CPU.Build.0 = Debug|Any CPU
		{F2CF2A68-5E1F-4BF3-B57B-BD73C09874F7}.Debug|x64.ActiveCfg = Debug|Any CPU
		{F2CF2A68-5E1F-4BF3-B57B-BD73C09874F7}.Debug|x64.Build.0 = Debug|Any CPU
		{F2CF2A68-5E1F-4BF3-B57B-BD73C09874F7}.Debug|x86.ActiveCfg = Debug|Any CPU
		{F2CF2A68-5E1F-4BF3-B57B-BD73C09874F7}.Debug|x86.Build.0 = Debug|Any CPU
		{F2CF2A68-5E1F-4BF3-B57B-BD73C09874F7}.Release|Any CPU.ActiveCfg = Release|Any CPU
		{F2CF2A68-5E1F-4BF3-B57B-BD73C09874F7}.Release|Any CPU.Build.0 = Release|Any CPU
		{F2CF2A68-5E1F-4BF3-B57B-BD73C09874F7}.Release|x64.ActiveCfg = Release|Any CPU
		{F2CF2A68-5E1F-4BF3-B57B-BD73C09874F7}.Release|x64.Build.0 = Release|Any CPU
		{F2CF2A68-5E1F-4BF3-B57B-BD73C09874F7}.Release|x86.ActiveCfg = Release|Any CPU
		{F2CF2A68-5E1F-4BF3-B57B-BD73C09874F7}.Release|x86.Build.0 = Release|Any CPU
		{463AD118-88E2-47E3-A4A4-FF7827D9ED7D}.Debug|Any CPU.ActiveCfg = Debug|Any CPU
		{463AD118-88E2-47E3-A4A4-FF7827D9ED7D}.Debug|Any CPU.Build.0 = Debug|Any CPU
		{463AD118-88E2-47E3-A4A4-FF7827D9ED7D}.Debug|x64.ActiveCfg = Debug|Any CPU
		{463AD118-88E2-47E3-A4A4-FF7827D9ED7D}.Debug|x64.Build.0 = Debug|Any CPU
		{463AD118-88E2-47E3-A4A4-FF7827D9ED7D}.Debug|x86.ActiveCfg = Debug|Any CPU
		{463AD118-88E2-47E3-A4A4-FF7827D9ED7D}.Debug|x86.Build.0 = Debug|Any CPU
		{463AD118-88E2-47E3-A4A4-FF7827D9ED7D}.Release|Any CPU.ActiveCfg = Release|Any CPU
		{463AD118-88E2-47E3-A4A4-FF7827D9ED7D}.Release|Any CPU.Build.0 = Release|Any CPU
		{463AD118-88E2-47E3-A4A4-FF7827D9ED7D}.Release|x64.ActiveCfg = Release|Any CPU
		{463AD118-88E2-47E3-A4A4-FF7827D9ED7D}.Release|x64.Build.0 = Release|Any CPU
		{463AD118-88E2-47E3-A4A4-FF7827D9ED7D}.Release|x86.ActiveCfg = Release|Any CPU
		{463AD118-88E2-47E3-A4A4-FF7827D9ED7D}.Release|x86.Build.0 = Release|Any CPU
		{F85FEF8D-0CC0-4CF6-8D17-02AD1278DF1A}.Debug|Any CPU.ActiveCfg = Debug|Any CPU
		{F85FEF8D-0CC0-4CF6-8D17-02AD1278DF1A}.Debug|Any CPU.Build.0 = Debug|Any CPU
		{F85FEF8D-0CC0-4CF6-8D17-02AD1278DF1A}.Debug|x64.ActiveCfg = Debug|Any CPU
		{F85FEF8D-0CC0-4CF6-8D17-02AD1278DF1A}.Debug|x64.Build.0 = Debug|Any CPU
		{F85FEF8D-0CC0-4CF6-8D17-02AD1278DF1A}.Debug|x86.ActiveCfg = Debug|Any CPU
		{F85FEF8D-0CC0-4CF6-8D17-02AD1278DF1A}.Debug|x86.Build.0 = Debug|Any CPU
		{F85FEF8D-0CC0-4CF6-8D17-02AD1278DF1A}.Release|Any CPU.ActiveCfg = Release|Any CPU
		{F85FEF8D-0CC0-4CF6-8D17-02AD1278DF1A}.Release|Any CPU.Build.0 = Release|Any CPU
		{F85FEF8D-0CC0-4CF6-8D17-02AD1278DF1A}.Release|x64.ActiveCfg = Release|Any CPU
		{F85FEF8D-0CC0-4CF6-8D17-02AD1278DF1A}.Release|x64.Build.0 = Release|Any CPU
		{F85FEF8D-0CC0-4CF6-8D17-02AD1278DF1A}.Release|x86.ActiveCfg = Release|Any CPU
		{F85FEF8D-0CC0-4CF6-8D17-02AD1278DF1A}.Release|x86.Build.0 = Release|Any CPU
		{90437314-30B9-40E0-B9F1-3E7951E32F05}.Debug|Any CPU.ActiveCfg = Debug|Any CPU
		{90437314-30B9-40E0-B9F1-3E7951E32F05}.Debug|Any CPU.Build.0 = Debug|Any CPU
		{90437314-30B9-40E0-B9F1-3E7951E32F05}.Debug|x64.ActiveCfg = Debug|Any CPU
		{90437314-30B9-40E0-B9F1-3E7951E32F05}.Debug|x64.Build.0 = Debug|Any CPU
		{90437314-30B9-40E0-B9F1-3E7951E32F05}.Debug|x86.ActiveCfg = Debug|Any CPU
		{90437314-30B9-40E0-B9F1-3E7951E32F05}.Debug|x86.Build.0 = Debug|Any CPU
		{90437314-30B9-40E0-B9F1-3E7951E32F05}.Release|Any CPU.ActiveCfg = Release|Any CPU
		{90437314-30B9-40E0-B9F1-3E7951E32F05}.Release|Any CPU.Build.0 = Release|Any CPU
		{90437314-30B9-40E0-B9F1-3E7951E32F05}.Release|x64.ActiveCfg = Release|Any CPU
		{90437314-30B9-40E0-B9F1-3E7951E32F05}.Release|x64.Build.0 = Release|Any CPU
		{90437314-30B9-40E0-B9F1-3E7951E32F05}.Release|x86.ActiveCfg = Release|Any CPU
		{90437314-30B9-40E0-B9F1-3E7951E32F05}.Release|x86.Build.0 = Release|Any CPU
		{656BE704-0226-44CB-9EB7-E2AD3A826888}.Debug|Any CPU.ActiveCfg = Debug|Any CPU
		{656BE704-0226-44CB-9EB7-E2AD3A826888}.Debug|Any CPU.Build.0 = Debug|Any CPU
		{656BE704-0226-44CB-9EB7-E2AD3A826888}.Debug|x64.ActiveCfg = Debug|Any CPU
		{656BE704-0226-44CB-9EB7-E2AD3A826888}.Debug|x64.Build.0 = Debug|Any CPU
		{656BE704-0226-44CB-9EB7-E2AD3A826888}.Debug|x86.ActiveCfg = Debug|Any CPU
		{656BE704-0226-44CB-9EB7-E2AD3A826888}.Debug|x86.Build.0 = Debug|Any CPU
		{656BE704-0226-44CB-9EB7-E2AD3A826888}.Release|Any CPU.ActiveCfg = Release|Any CPU
		{656BE704-0226-44CB-9EB7-E2AD3A826888}.Release|Any CPU.Build.0 = Release|Any CPU
		{656BE704-0226-44CB-9EB7-E2AD3A826888}.Release|x64.ActiveCfg = Release|Any CPU
		{656BE704-0226-44CB-9EB7-E2AD3A826888}.Release|x64.Build.0 = Release|Any CPU
		{656BE704-0226-44CB-9EB7-E2AD3A826888}.Release|x86.ActiveCfg = Release|Any CPU
		{656BE704-0226-44CB-9EB7-E2AD3A826888}.Release|x86.Build.0 = Release|Any CPU
		{3BA8FF77-2E34-4AC1-903C-099C4E6DD10C}.Debug|Any CPU.ActiveCfg = Debug|Any CPU
		{3BA8FF77-2E34-4AC1-903C-099C4E6DD10C}.Debug|Any CPU.Build.0 = Debug|Any CPU
		{3BA8FF77-2E34-4AC1-903C-099C4E6DD10C}.Debug|x64.ActiveCfg = Debug|Any CPU
		{3BA8FF77-2E34-4AC1-903C-099C4E6DD10C}.Debug|x64.Build.0 = Debug|Any CPU
		{3BA8FF77-2E34-4AC1-903C-099C4E6DD10C}.Debug|x86.ActiveCfg = Debug|Any CPU
		{3BA8FF77-2E34-4AC1-903C-099C4E6DD10C}.Debug|x86.Build.0 = Debug|Any CPU
		{3BA8FF77-2E34-4AC1-903C-099C4E6DD10C}.Release|Any CPU.ActiveCfg = Release|Any CPU
		{3BA8FF77-2E34-4AC1-903C-099C4E6DD10C}.Release|Any CPU.Build.0 = Release|Any CPU
		{3BA8FF77-2E34-4AC1-903C-099C4E6DD10C}.Release|x64.ActiveCfg = Release|Any CPU
		{3BA8FF77-2E34-4AC1-903C-099C4E6DD10C}.Release|x64.Build.0 = Release|Any CPU
		{3BA8FF77-2E34-4AC1-903C-099C4E6DD10C}.Release|x86.ActiveCfg = Release|Any CPU
		{3BA8FF77-2E34-4AC1-903C-099C4E6DD10C}.Release|x86.Build.0 = Release|Any CPU
		{00162ABD-6640-48A0-B4CF-A0DC85E3EB23}.Debug|Any CPU.ActiveCfg = Debug|Any CPU
		{00162ABD-6640-48A0-B4CF-A0DC85E3EB23}.Debug|Any CPU.Build.0 = Debug|Any CPU
		{00162ABD-6640-48A0-B4CF-A0DC85E3EB23}.Debug|x64.ActiveCfg = Debug|Any CPU
		{00162ABD-6640-48A0-B4CF-A0DC85E3EB23}.Debug|x64.Build.0 = Debug|Any CPU
		{00162ABD-6640-48A0-B4CF-A0DC85E3EB23}.Debug|x86.ActiveCfg = Debug|Any CPU
		{00162ABD-6640-48A0-B4CF-A0DC85E3EB23}.Debug|x86.Build.0 = Debug|Any CPU
		{00162ABD-6640-48A0-B4CF-A0DC85E3EB23}.Release|Any CPU.ActiveCfg = Release|Any CPU
		{00162ABD-6640-48A0-B4CF-A0DC85E3EB23}.Release|Any CPU.Build.0 = Release|Any CPU
		{00162ABD-6640-48A0-B4CF-A0DC85E3EB23}.Release|x64.ActiveCfg = Release|Any CPU
		{00162ABD-6640-48A0-B4CF-A0DC85E3EB23}.Release|x64.Build.0 = Release|Any CPU
		{00162ABD-6640-48A0-B4CF-A0DC85E3EB23}.Release|x86.ActiveCfg = Release|Any CPU
		{00162ABD-6640-48A0-B4CF-A0DC85E3EB23}.Release|x86.Build.0 = Release|Any CPU
		{1F44F6C9-586D-4DFA-B92D-6974811AFFB2}.Debug|Any CPU.ActiveCfg = Debug|Any CPU
		{1F44F6C9-586D-4DFA-B92D-6974811AFFB2}.Debug|Any CPU.Build.0 = Debug|Any CPU
		{1F44F6C9-586D-4DFA-B92D-6974811AFFB2}.Debug|x64.ActiveCfg = Debug|Any CPU
		{1F44F6C9-586D-4DFA-B92D-6974811AFFB2}.Debug|x64.Build.0 = Debug|Any CPU
		{1F44F6C9-586D-4DFA-B92D-6974811AFFB2}.Debug|x86.ActiveCfg = Debug|Any CPU
		{1F44F6C9-586D-4DFA-B92D-6974811AFFB2}.Debug|x86.Build.0 = Debug|Any CPU
		{1F44F6C9-586D-4DFA-B92D-6974811AFFB2}.Release|Any CPU.ActiveCfg = Release|Any CPU
		{1F44F6C9-586D-4DFA-B92D-6974811AFFB2}.Release|Any CPU.Build.0 = Release|Any CPU
		{1F44F6C9-586D-4DFA-B92D-6974811AFFB2}.Release|x64.ActiveCfg = Release|Any CPU
		{1F44F6C9-586D-4DFA-B92D-6974811AFFB2}.Release|x64.Build.0 = Release|Any CPU
		{1F44F6C9-586D-4DFA-B92D-6974811AFFB2}.Release|x86.ActiveCfg = Release|Any CPU
		{1F44F6C9-586D-4DFA-B92D-6974811AFFB2}.Release|x86.Build.0 = Release|Any CPU
	EndGlobalSection
	GlobalSection(SolutionProperties) = preSolution
		HideSolutionNode = FALSE
	EndGlobalSection
	GlobalSection(NestedProjects) = preSolution
		{EF2AC7F8-E413-4204-AAC6-9B9C9A2122E0} = {A020A257-9C46-4AB0-831F-9E98BA7D2533}
		{0CD4113F-BF5A-4630-9060-08F27DA76164} = {A020A257-9C46-4AB0-831F-9E98BA7D2533}
		{F2CF2A68-5E1F-4BF3-B57B-BD73C09874F7} = {0EA89EFC-3E65-476D-9F01-87FE977E6B8A}
		{463AD118-88E2-47E3-A4A4-FF7827D9ED7D} = {0EA89EFC-3E65-476D-9F01-87FE977E6B8A}
		{F85FEF8D-0CC0-4CF6-8D17-02AD1278DF1A} = {DEA7482A-6D47-40AE-AF4A-89FE3ACF66C6}
		{90437314-30B9-40E0-B9F1-3E7951E32F05} = {DEA7482A-6D47-40AE-AF4A-89FE3ACF66C6}
		{656BE704-0226-44CB-9EB7-E2AD3A826888} = {F2B8CC0D-82AF-42D3-A756-788EA8646A47}
		{3BA8FF77-2E34-4AC1-903C-099C4E6DD10C} = {F2B8CC0D-82AF-42D3-A756-788EA8646A47}
		{00162ABD-6640-48A0-B4CF-A0DC85E3EB23} = {599AA0C5-6651-4F09-8B5B-C10A99911B6B}
		{1F44F6C9-586D-4DFA-B92D-6974811AFFB2} = {11E2483E-9BF0-461A-87AD-3D33567428CF}
	EndGlobalSection
	GlobalSection(ExtensibilityGlobals) = postSolution
		SolutionGuid = {6688CB14-7908-46E5-9692-D7809D32602C}
	EndGlobalSection
EndGlobal
